// !$*UTF8*$!
{
	archiveVersion = 1;
	classes = {
	};
	objectVersion = 50;
	objects = {

/* Begin PBXBuildFile section */
		08ACB51525CB47C1005469E9 /* UserOptions.storyboard in Resources */ = {isa = PBXBuildFile; fileRef = 08ACB51425CB47C1005469E9 /* UserOptions.storyboard */; };
		08ACB51825CB47E5005469E9 /* Profile.storyboard in Resources */ = {isa = PBXBuildFile; fileRef = 08ACB51725CB47E5005469E9 /* Profile.storyboard */; };
		08ACB51B25CB480F005469E9 /* Schedule.storyboard in Resources */ = {isa = PBXBuildFile; fileRef = 08ACB51A25CB480F005469E9 /* Schedule.storyboard */; };
		08ACB51E25CB482A005469E9 /* Enrollment.storyboard in Resources */ = {isa = PBXBuildFile; fileRef = 08ACB51D25CB482A005469E9 /* Enrollment.storyboard */; };
		08ACB53A25CB5300005469E9 /* LoginViewController.swift in Sources */ = {isa = PBXBuildFile; fileRef = 08ACB53925CB5300005469E9 /* LoginViewController.swift */; };
		08ACB53E25CB5339005469E9 /* UserOptionsViewController.swift in Sources */ = {isa = PBXBuildFile; fileRef = 08ACB53D25CB5339005469E9 /* UserOptionsViewController.swift */; };
		08ACB54225CB534B005469E9 /* ProfileViewController.swift in Sources */ = {isa = PBXBuildFile; fileRef = 08ACB54125CB534B005469E9 /* ProfileViewController.swift */; };
		08ACB54625CB5358005469E9 /* ScheduleViewController.swift in Sources */ = {isa = PBXBuildFile; fileRef = 08ACB54525CB5358005469E9 /* ScheduleViewController.swift */; };
		08ACB54A25CB5368005469E9 /* EnrollmentViewController.swift in Sources */ = {isa = PBXBuildFile; fileRef = 08ACB54925CB5368005469E9 /* EnrollmentViewController.swift */; };
		08ACB55425CDCF98005469E9 /* CourseViewController.swift in Sources */ = {isa = PBXBuildFile; fileRef = 08ACB55325CDCF98005469E9 /* CourseViewController.swift */; };
		08ACB55725CDDFE5005469E9 /* ListCurseViewController.swift in Sources */ = {isa = PBXBuildFile; fileRef = 08ACB55625CDDFE5005469E9 /* ListCurseViewController.swift */; };
		08ACB55A25CDEA22005469E9 /* Login.storyboard in Resources */ = {isa = PBXBuildFile; fileRef = 08ACB55925CDEA22005469E9 /* Login.storyboard */; };
		08C6ADEB25C3A89C00EDA9BC /* AppDelegate.swift in Sources */ = {isa = PBXBuildFile; fileRef = 08C6ADEA25C3A89C00EDA9BC /* AppDelegate.swift */; };
		08C6ADED25C3A89C00EDA9BC /* SceneDelegate.swift in Sources */ = {isa = PBXBuildFile; fileRef = 08C6ADEC25C3A89C00EDA9BC /* SceneDelegate.swift */; };
		08C6ADEF25C3A89C00EDA9BC /* ViewController.swift in Sources */ = {isa = PBXBuildFile; fileRef = 08C6ADEE25C3A89C00EDA9BC /* ViewController.swift */; };
		08C6ADF425C3A89E00EDA9BC /* Assets.xcassets in Resources */ = {isa = PBXBuildFile; fileRef = 08C6ADF325C3A89E00EDA9BC /* Assets.xcassets */; };
		08C6ADF725C3A89E00EDA9BC /* LaunchScreen.storyboard in Resources */ = {isa = PBXBuildFile; fileRef = 08C6ADF525C3A89E00EDA9BC /* LaunchScreen.storyboard */; };
		AF699D5225CD7D7E00B4BF27 /* LoginDesignableView.swift in Sources */ = {isa = PBXBuildFile; fileRef = AF699D5125CD7D7E00B4BF27 /* LoginDesignableView.swift */; };
		AF699D5A25CDAD7200B4BF27 /* LoginViewControllerTwo.swift in Sources */ = {isa = PBXBuildFile; fileRef = AF699D5925CDAD7200B4BF27 /* LoginViewControllerTwo.swift */; };
		AF699D5E25CDAD8500B4BF27 /* LoginViewControllerThree.swift in Sources */ = {isa = PBXBuildFile; fileRef = AF699D5D25CDAD8500B4BF27 /* LoginViewControllerThree.swift */; };
		AFE71ECF25CD3EE200DA64CB /* Montserrat-Bold.ttf in Resources */ = {isa = PBXBuildFile; fileRef = AFE71ECE25CD3EE200DA64CB /* Montserrat-Bold.ttf */; };
		AFE71ED225CD3F0200DA64CB /* Montserrat-SemiBold.ttf in Resources */ = {isa = PBXBuildFile; fileRef = AFE71ED125CD3F0200DA64CB /* Montserrat-SemiBold.ttf */; };
/* End PBXBuildFile section */

/* Begin PBXFileReference section */
		08ACB50D25CB3E7E005469E9 /* Colors.xcassets */ = {isa = PBXFileReference; lastKnownFileType = folder.assetcatalog; name = Colors.xcassets; path = ../../../../../Documents/arquitectura/Sesion06/Sesion06/iPhone/Resources/Colors.xcassets; sourceTree = "<group>"; };
		08ACB51425CB47C1005469E9 /* UserOptions.storyboard */ = {isa = PBXFileReference; lastKnownFileType = file.storyboard; path = UserOptions.storyboard; sourceTree = "<group>"; };
		08ACB51725CB47E5005469E9 /* Profile.storyboard */ = {isa = PBXFileReference; lastKnownFileType = file.storyboard; path = Profile.storyboard; sourceTree = "<group>"; };
		08ACB51A25CB480F005469E9 /* Schedule.storyboard */ = {isa = PBXFileReference; lastKnownFileType = file.storyboard; path = Schedule.storyboard; sourceTree = "<group>"; };
		08ACB51D25CB482A005469E9 /* Enrollment.storyboard */ = {isa = PBXFileReference; lastKnownFileType = file.storyboard; path = Enrollment.storyboard; sourceTree = "<group>"; };
		08ACB53925CB5300005469E9 /* LoginViewController.swift */ = {isa = PBXFileReference; lastKnownFileType = sourcecode.swift; path = LoginViewController.swift; sourceTree = "<group>"; };
		08ACB53D25CB5339005469E9 /* UserOptionsViewController.swift */ = {isa = PBXFileReference; lastKnownFileType = sourcecode.swift; path = UserOptionsViewController.swift; sourceTree = "<group>"; };
		08ACB54125CB534B005469E9 /* ProfileViewController.swift */ = {isa = PBXFileReference; lastKnownFileType = sourcecode.swift; path = ProfileViewController.swift; sourceTree = "<group>"; };
		08ACB54525CB5358005469E9 /* ScheduleViewController.swift */ = {isa = PBXFileReference; lastKnownFileType = sourcecode.swift; path = ScheduleViewController.swift; sourceTree = "<group>"; };
		08ACB54925CB5368005469E9 /* EnrollmentViewController.swift */ = {isa = PBXFileReference; lastKnownFileType = sourcecode.swift; path = EnrollmentViewController.swift; sourceTree = "<group>"; };
		08ACB55325CDCF98005469E9 /* CourseViewController.swift */ = {isa = PBXFileReference; lastKnownFileType = sourcecode.swift; path = CourseViewController.swift; sourceTree = "<group>"; };
		08ACB55625CDDFE5005469E9 /* ListCurseViewController.swift */ = {isa = PBXFileReference; lastKnownFileType = sourcecode.swift; path = ListCurseViewController.swift; sourceTree = "<group>"; };
		08ACB55925CDEA22005469E9 /* Login.storyboard */ = {isa = PBXFileReference; lastKnownFileType = file.storyboard; path = Login.storyboard; sourceTree = "<group>"; };
		08C6ADE725C3A89C00EDA9BC /* intraIsil.app */ = {isa = PBXFileReference; explicitFileType = wrapper.application; includeInIndex = 0; path = intraIsil.app; sourceTree = BUILT_PRODUCTS_DIR; };
		08C6ADEA25C3A89C00EDA9BC /* AppDelegate.swift */ = {isa = PBXFileReference; lastKnownFileType = sourcecode.swift; path = AppDelegate.swift; sourceTree = "<group>"; };
		08C6ADEC25C3A89C00EDA9BC /* SceneDelegate.swift */ = {isa = PBXFileReference; lastKnownFileType = sourcecode.swift; path = SceneDelegate.swift; sourceTree = "<group>"; };
		08C6ADEE25C3A89C00EDA9BC /* ViewController.swift */ = {isa = PBXFileReference; lastKnownFileType = sourcecode.swift; path = ViewController.swift; sourceTree = "<group>"; };
		08C6ADF325C3A89E00EDA9BC /* Assets.xcassets */ = {isa = PBXFileReference; lastKnownFileType = folder.assetcatalog; path = Assets.xcassets; sourceTree = "<group>"; };
		08C6ADF625C3A89E00EDA9BC /* Base */ = {isa = PBXFileReference; lastKnownFileType = file.storyboard; name = Base; path = Base.lproj/LaunchScreen.storyboard; sourceTree = "<group>"; };
		08C6ADF825C3A89E00EDA9BC /* Info.plist */ = {isa = PBXFileReference; lastKnownFileType = text.plist.xml; path = Info.plist; sourceTree = "<group>"; };
		AF699D5125CD7D7E00B4BF27 /* LoginDesignableView.swift */ = {isa = PBXFileReference; lastKnownFileType = sourcecode.swift; path = LoginDesignableView.swift; sourceTree = "<group>"; };
		AF699D5925CDAD7200B4BF27 /* LoginViewControllerTwo.swift */ = {isa = PBXFileReference; lastKnownFileType = sourcecode.swift; path = LoginViewControllerTwo.swift; sourceTree = "<group>"; };
		AF699D5D25CDAD8500B4BF27 /* LoginViewControllerThree.swift */ = {isa = PBXFileReference; lastKnownFileType = sourcecode.swift; path = LoginViewControllerThree.swift; sourceTree = "<group>"; };
		AFE71ECE25CD3EE200DA64CB /* Montserrat-Bold.ttf */ = {isa = PBXFileReference; lastKnownFileType = file; path = "Montserrat-Bold.ttf"; sourceTree = "<group>"; };
		AFE71ED125CD3F0200DA64CB /* Montserrat-SemiBold.ttf */ = {isa = PBXFileReference; lastKnownFileType = file; path = "Montserrat-SemiBold.ttf"; sourceTree = "<group>"; };
/* End PBXFileReference section */

/* Begin PBXFrameworksBuildPhase section */
		08C6ADE425C3A89C00EDA9BC /* Frameworks */ = {
			isa = PBXFrameworksBuildPhase;
			buildActionMask = 2147483647;
			files = (
			);
			runOnlyForDeploymentPostprocessing = 0;
		};
/* End PBXFrameworksBuildPhase section */

/* Begin PBXGroup section */
		08ACB4FC25CB3BFA005469E9 /* General */ = {
			isa = PBXGroup;
			children = (
				08ACB4FE25CB3C37005469E9 /* UIComponents */,
			);
			path = General;
			sourceTree = "<group>";
		};
		08ACB4FE25CB3C37005469E9 /* UIComponents */ = {
			isa = PBXGroup;
			children = (
			);
			path = UIComponents;
			sourceTree = "<group>";
		};
		08ACB50125CB3CC1005469E9 /* iPhone */ = {
			isa = PBXGroup;
			children = (
				08ACB50425CB3CDE005469E9 /* Resources */,
				08ACB50325CB3CD6005469E9 /* Views */,
				08ACB50225CB3CC8005469E9 /* Classes */,
			);
			path = iPhone;
			sourceTree = "<group>";
		};
		08ACB50225CB3CC8005469E9 /* Classes */ = {
			isa = PBXGroup;
			children = (
				08ACB52625CB4961005469E9 /* Enrollment */,
				08ACB52525CB4959005469E9 /* Schedule */,
				08ACB52425CB4951005469E9 /* Profile */,
				08ACB52325CB4945005469E9 /* UserOptions */,
				08ACB52225CB493D005469E9 /* Login */,
			);
			path = Classes;
			sourceTree = "<group>";
		};
		08ACB50325CB3CD6005469E9 /* Views */ = {
			isa = PBXGroup;
			children = (
				08ACB51425CB47C1005469E9 /* UserOptions.storyboard */,
				08ACB51725CB47E5005469E9 /* Profile.storyboard */,
				08ACB51A25CB480F005469E9 /* Schedule.storyboard */,
				08ACB51D25CB482A005469E9 /* Enrollment.storyboard */,
				08ACB55925CDEA22005469E9 /* Login.storyboard */,
			);
			path = Views;
			sourceTree = "<group>";
		};
		08ACB50425CB3CDE005469E9 /* Resources */ = {
			isa = PBXGroup;
			children = (
				08ACB50D25CB3E7E005469E9 /* Colors.xcassets */,
			);
			path = Resources;
			sourceTree = "<group>";
		};
		08ACB52225CB493D005469E9 /* Login */ = {
			isa = PBXGroup;
			children = (
				AF699D5125CD7D7E00B4BF27 /* LoginDesignableView.swift */,
				08ACB53925CB5300005469E9 /* LoginViewController.swift */,
				AF699D5925CDAD7200B4BF27 /* LoginViewControllerTwo.swift */,
				AF699D5D25CDAD8500B4BF27 /* LoginViewControllerThree.swift */,
			);
			path = Login;
			sourceTree = "<group>";
		};
		08ACB52325CB4945005469E9 /* UserOptions */ = {
			isa = PBXGroup;
			children = (
				08ACB53D25CB5339005469E9 /* UserOptionsViewController.swift */,
				08ACB55325CDCF98005469E9 /* CourseViewController.swift */,
				08ACB55625CDDFE5005469E9 /* ListCurseViewController.swift */,
			);
			path = UserOptions;
			sourceTree = "<group>";
		};
		08ACB52425CB4951005469E9 /* Profile */ = {
			isa = PBXGroup;
			children = (
				08ACB54125CB534B005469E9 /* ProfileViewController.swift */,
			);
			path = Profile;
			sourceTree = "<group>";
		};
		08ACB52525CB4959005469E9 /* Schedule */ = {
			isa = PBXGroup;
			children = (
				08ACB54525CB5358005469E9 /* ScheduleViewController.swift */,
			);
			path = Schedule;
			sourceTree = "<group>";
		};
		08ACB52625CB4961005469E9 /* Enrollment */ = {
			isa = PBXGroup;
			children = (
				08ACB54925CB5368005469E9 /* EnrollmentViewController.swift */,
			);
			path = Enrollment;
			sourceTree = "<group>";
		};
		08C6ADDE25C3A89B00EDA9BC = {
			isa = PBXGroup;
			children = (
				08C6ADE925C3A89C00EDA9BC /* intraIsil */,
				08C6ADE825C3A89C00EDA9BC /* Products */,
			);
			sourceTree = "<group>";
		};
		08C6ADE825C3A89C00EDA9BC /* Products */ = {
			isa = PBXGroup;
			children = (
				08C6ADE725C3A89C00EDA9BC /* intraIsil.app */,
			);
			name = Products;
			sourceTree = "<group>";
		};
		08C6ADE925C3A89C00EDA9BC /* intraIsil */ = {
			isa = PBXGroup;
			children = (
				AFE71ECD25CD3E8500DA64CB /* Fonts */,
				08ACB4FC25CB3BFA005469E9 /* General */,
				08ACB50125CB3CC1005469E9 /* iPhone */,
				08C6ADEA25C3A89C00EDA9BC /* AppDelegate.swift */,
				08C6ADEC25C3A89C00EDA9BC /* SceneDelegate.swift */,
				08C6ADEE25C3A89C00EDA9BC /* ViewController.swift */,
				08C6ADF325C3A89E00EDA9BC /* Assets.xcassets */,
				08C6ADF525C3A89E00EDA9BC /* LaunchScreen.storyboard */,
				08C6ADF825C3A89E00EDA9BC /* Info.plist */,
			);
			path = intraIsil;
			sourceTree = "<group>";
		};
		AFE71ECD25CD3E8500DA64CB /* Fonts */ = {
			isa = PBXGroup;
			children = (
				AFE71ED125CD3F0200DA64CB /* Montserrat-SemiBold.ttf */,
				AFE71ECE25CD3EE200DA64CB /* Montserrat-Bold.ttf */,
			);
			path = Fonts;
			sourceTree = "<group>";
		};
/* End PBXGroup section */

/* Begin PBXNativeTarget section */
		08C6ADE625C3A89C00EDA9BC /* intraIsil */ = {
			isa = PBXNativeTarget;
			buildConfigurationList = 08C6ADFB25C3A89E00EDA9BC /* Build configuration list for PBXNativeTarget "intraIsil" */;
			buildPhases = (
				08C6ADE325C3A89C00EDA9BC /* Sources */,
				08C6ADE425C3A89C00EDA9BC /* Frameworks */,
				08C6ADE525C3A89C00EDA9BC /* Resources */,
			);
			buildRules = (
			);
			dependencies = (
			);
			name = intraIsil;
			productName = intraIsil;
			productReference = 08C6ADE725C3A89C00EDA9BC /* intraIsil.app */;
			productType = "com.apple.product-type.application";
		};
/* End PBXNativeTarget section */

/* Begin PBXProject section */
		08C6ADDF25C3A89B00EDA9BC /* Project object */ = {
			isa = PBXProject;
			attributes = {
				LastSwiftUpdateCheck = 1230;
				LastUpgradeCheck = 1230;
				TargetAttributes = {
					08C6ADE625C3A89C00EDA9BC = {
						CreatedOnToolsVersion = 12.3;
					};
				};
			};
			buildConfigurationList = 08C6ADE225C3A89B00EDA9BC /* Build configuration list for PBXProject "intraIsil" */;
			compatibilityVersion = "Xcode 9.3";
			developmentRegion = en;
			hasScannedForEncodings = 0;
			knownRegions = (
				en,
				Base,
			);
			mainGroup = 08C6ADDE25C3A89B00EDA9BC;
			productRefGroup = 08C6ADE825C3A89C00EDA9BC /* Products */;
			projectDirPath = "";
			projectRoot = "";
			targets = (
				08C6ADE625C3A89C00EDA9BC /* intraIsil */,
			);
		};
/* End PBXProject section */

/* Begin PBXResourcesBuildPhase section */
		08C6ADE525C3A89C00EDA9BC /* Resources */ = {
			isa = PBXResourcesBuildPhase;
			buildActionMask = 2147483647;
			files = (
				08ACB51525CB47C1005469E9 /* UserOptions.storyboard in Resources */,
				08C6ADF725C3A89E00EDA9BC /* LaunchScreen.storyboard in Resources */,
				08ACB51825CB47E5005469E9 /* Profile.storyboard in Resources */,
				08C6ADF425C3A89E00EDA9BC /* Assets.xcassets in Resources */,
				AFE71ECF25CD3EE200DA64CB /* Montserrat-Bold.ttf in Resources */,
				AFE71ED225CD3F0200DA64CB /* Montserrat-SemiBold.ttf in Resources */,
				08ACB51E25CB482A005469E9 /* Enrollment.storyboard in Resources */,
				08ACB51B25CB480F005469E9 /* Schedule.storyboard in Resources */,
				08ACB55A25CDEA22005469E9 /* Login.storyboard in Resources */,
			);
			runOnlyForDeploymentPostprocessing = 0;
		};
/* End PBXResourcesBuildPhase section */

/* Begin PBXSourcesBuildPhase section */
		08C6ADE325C3A89C00EDA9BC /* Sources */ = {
			isa = PBXSourcesBuildPhase;
			buildActionMask = 2147483647;
			files = (
				08ACB54A25CB5368005469E9 /* EnrollmentViewController.swift in Sources */,
				AF699D5A25CDAD7200B4BF27 /* LoginViewControllerTwo.swift in Sources */,
				08C6ADEF25C3A89C00EDA9BC /* ViewController.swift in Sources */,
				08C6ADEB25C3A89C00EDA9BC /* AppDelegate.swift in Sources */,
				08ACB55725CDDFE5005469E9 /* ListCurseViewController.swift in Sources */,
				08ACB53A25CB5300005469E9 /* LoginViewController.swift in Sources */,
				08ACB55425CDCF98005469E9 /* CourseViewController.swift in Sources */,
				08ACB54625CB5358005469E9 /* ScheduleViewController.swift in Sources */,
				AF699D5225CD7D7E00B4BF27 /* LoginDesignableView.swift in Sources */,
				AF699D5E25CDAD8500B4BF27 /* LoginViewControllerThree.swift in Sources */,
				08ACB53E25CB5339005469E9 /* UserOptionsViewController.swift in Sources */,
				08C6ADED25C3A89C00EDA9BC /* SceneDelegate.swift in Sources */,
				08ACB54225CB534B005469E9 /* ProfileViewController.swift in Sources */,
			);
			runOnlyForDeploymentPostprocessing = 0;
		};
/* End PBXSourcesBuildPhase section */

/* Begin PBXVariantGroup section */
		08C6ADF525C3A89E00EDA9BC /* LaunchScreen.storyboard */ = {
			isa = PBXVariantGroup;
			children = (
				08C6ADF625C3A89E00EDA9BC /* Base */,
			);
			name = LaunchScreen.storyboard;
			sourceTree = "<group>";
		};
/* End PBXVariantGroup section */

/* Begin XCBuildConfiguration section */
		08C6ADF925C3A89E00EDA9BC /* Debug */ = {
			isa = XCBuildConfiguration;
			buildSettings = {
				ALWAYS_SEARCH_USER_PATHS = NO;
				CLANG_ANALYZER_NONNULL = YES;
				CLANG_ANALYZER_NUMBER_OBJECT_CONVERSION = YES_AGGRESSIVE;
				CLANG_CXX_LANGUAGE_STANDARD = "gnu++14";
				CLANG_CXX_LIBRARY = "libc++";
				CLANG_ENABLE_MODULES = YES;
				CLANG_ENABLE_OBJC_ARC = YES;
				CLANG_ENABLE_OBJC_WEAK = YES;
				CLANG_WARN_BLOCK_CAPTURE_AUTORELEASING = YES;
				CLANG_WARN_BOOL_CONVERSION = YES;
				CLANG_WARN_COMMA = YES;
				CLANG_WARN_CONSTANT_CONVERSION = YES;
				CLANG_WARN_DEPRECATED_OBJC_IMPLEMENTATIONS = YES;
				CLANG_WARN_DIRECT_OBJC_ISA_USAGE = YES_ERROR;
				CLANG_WARN_DOCUMENTATION_COMMENTS = YES;
				CLANG_WARN_EMPTY_BODY = YES;
				CLANG_WARN_ENUM_CONVERSION = YES;
				CLANG_WARN_INFINITE_RECURSION = YES;
				CLANG_WARN_INT_CONVERSION = YES;
				CLANG_WARN_NON_LITERAL_NULL_CONVERSION = YES;
				CLANG_WARN_OBJC_IMPLICIT_RETAIN_SELF = YES;
				CLANG_WARN_OBJC_LITERAL_CONVERSION = YES;
				CLANG_WARN_OBJC_ROOT_CLASS = YES_ERROR;
				CLANG_WARN_QUOTED_INCLUDE_IN_FRAMEWORK_HEADER = YES;
				CLANG_WARN_RANGE_LOOP_ANALYSIS = YES;
				CLANG_WARN_STRICT_PROTOTYPES = YES;
				CLANG_WARN_SUSPICIOUS_MOVE = YES;
				CLANG_WARN_UNGUARDED_AVAILABILITY = YES_AGGRESSIVE;
				CLANG_WARN_UNREACHABLE_CODE = YES;
				CLANG_WARN__DUPLICATE_METHOD_MATCH = YES;
				COPY_PHASE_STRIP = NO;
				DEBUG_INFORMATION_FORMAT = dwarf;
				ENABLE_STRICT_OBJC_MSGSEND = YES;
				ENABLE_TESTABILITY = YES;
				GCC_C_LANGUAGE_STANDARD = gnu11;
				GCC_DYNAMIC_NO_PIC = NO;
				GCC_NO_COMMON_BLOCKS = YES;
				GCC_OPTIMIZATION_LEVEL = 0;
				GCC_PREPROCESSOR_DEFINITIONS = (
					"DEBUG=1",
					"$(inherited)",
				);
				GCC_WARN_64_TO_32_BIT_CONVERSION = YES;
				GCC_WARN_ABOUT_RETURN_TYPE = YES_ERROR;
				GCC_WARN_UNDECLARED_SELECTOR = YES;
				GCC_WARN_UNINITIALIZED_AUTOS = YES_AGGRESSIVE;
				GCC_WARN_UNUSED_FUNCTION = YES;
				GCC_WARN_UNUSED_VARIABLE = YES;
				IPHONEOS_DEPLOYMENT_TARGET = 14.3;
				MTL_ENABLE_DEBUG_INFO = INCLUDE_SOURCE;
				MTL_FAST_MATH = YES;
				ONLY_ACTIVE_ARCH = YES;
				SDKROOT = iphoneos;
				SWIFT_ACTIVE_COMPILATION_CONDITIONS = DEBUG;
				SWIFT_OPTIMIZATION_LEVEL = "-Onone";
			};
			name = Debug;
		};
		08C6ADFA25C3A89E00EDA9BC /* Release */ = {
			isa = XCBuildConfiguration;
			buildSettings = {
				ALWAYS_SEARCH_USER_PATHS = NO;
				CLANG_ANALYZER_NONNULL = YES;
				CLANG_ANALYZER_NUMBER_OBJECT_CONVERSION = YES_AGGRESSIVE;
				CLANG_CXX_LANGUAGE_STANDARD = "gnu++14";
				CLANG_CXX_LIBRARY = "libc++";
				CLANG_ENABLE_MODULES = YES;
				CLANG_ENABLE_OBJC_ARC = YES;
				CLANG_ENABLE_OBJC_WEAK = YES;
				CLANG_WARN_BLOCK_CAPTURE_AUTORELEASING = YES;
				CLANG_WARN_BOOL_CONVERSION = YES;
				CLANG_WARN_COMMA = YES;
				CLANG_WARN_CONSTANT_CONVERSION = YES;
				CLANG_WARN_DEPRECATED_OBJC_IMPLEMENTATIONS = YES;
				CLANG_WARN_DIRECT_OBJC_ISA_USAGE = YES_ERROR;
				CLANG_WARN_DOCUMENTATION_COMMENTS = YES;
				CLANG_WARN_EMPTY_BODY = YES;
				CLANG_WARN_ENUM_CONVERSION = YES;
				CLANG_WARN_INFINITE_RECURSION = YES;
				CLANG_WARN_INT_CONVERSION = YES;
				CLANG_WARN_NON_LITERAL_NULL_CONVERSION = YES;
				CLANG_WARN_OBJC_IMPLICIT_RETAIN_SELF = YES;
				CLANG_WARN_OBJC_LITERAL_CONVERSION = YES;
				CLANG_WARN_OBJC_ROOT_CLASS = YES_ERROR;
				CLANG_WARN_QUOTED_INCLUDE_IN_FRAMEWORK_HEADER = YES;
				CLANG_WARN_RANGE_LOOP_ANALYSIS = YES;
				CLANG_WARN_STRICT_PROTOTYPES = YES;
				CLANG_WARN_SUSPICIOUS_MOVE = YES;
				CLANG_WARN_UNGUARDED_AVAILABILITY = YES_AGGRESSIVE;
				CLANG_WARN_UNREACHABLE_CODE = YES;
				CLANG_WARN__DUPLICATE_METHOD_MATCH = YES;
				COPY_PHASE_STRIP = NO;
				DEBUG_INFORMATION_FORMAT = "dwarf-with-dsym";
				ENABLE_NS_ASSERTIONS = NO;
				ENABLE_STRICT_OBJC_MSGSEND = YES;
				GCC_C_LANGUAGE_STANDARD = gnu11;
				GCC_NO_COMMON_BLOCKS = YES;
				GCC_WARN_64_TO_32_BIT_CONVERSION = YES;
				GCC_WARN_ABOUT_RETURN_TYPE = YES_ERROR;
				GCC_WARN_UNDECLARED_SELECTOR = YES;
				GCC_WARN_UNINITIALIZED_AUTOS = YES_AGGRESSIVE;
				GCC_WARN_UNUSED_FUNCTION = YES;
				GCC_WARN_UNUSED_VARIABLE = YES;
				IPHONEOS_DEPLOYMENT_TARGET = 14.3;
				MTL_ENABLE_DEBUG_INFO = NO;
				MTL_FAST_MATH = YES;
				SDKROOT = iphoneos;
				SWIFT_COMPILATION_MODE = wholemodule;
				SWIFT_OPTIMIZATION_LEVEL = "-O";
				VALIDATE_PRODUCT = YES;
			};
			name = Release;
		};
		08C6ADFC25C3A89E00EDA9BC /* Debug */ = {
			isa = XCBuildConfiguration;
			buildSettings = {
				ASSETCATALOG_COMPILER_APPICON_NAME = AppIcon;
				ASSETCATALOG_COMPILER_GLOBAL_ACCENT_COLOR_NAME = AccentColor;
				CODE_SIGN_STYLE = Automatic;
				DEVELOPMENT_TEAM = A98P8GT6LW;
				INFOPLIST_FILE = intraIsil/Info.plist;
				LD_RUNPATH_SEARCH_PATHS = (
					"$(inherited)",
					"@executable_path/Frameworks",
				);
				PRODUCT_BUNDLE_IDENTIFIER = com.kerwin.intraIsil;
				PRODUCT_NAME = "$(TARGET_NAME)";
				SWIFT_VERSION = 5.0;
				TARGETED_DEVICE_FAMILY = "1,2";
			};
			name = Debug;
		};
		08C6ADFD25C3A89E00EDA9BC /* Release */ = {
			isa = XCBuildConfiguration;
			buildSettings = {
				ASSETCATALOG_COMPILER_APPICON_NAME = AppIcon;
				ASSETCATALOG_COMPILER_GLOBAL_ACCENT_COLOR_NAME = AccentColor;
				CODE_SIGN_STYLE = Automatic;
				DEVELOPMENT_TEAM = A98P8GT6LW;
				INFOPLIST_FILE = intraIsil/Info.plist;
				LD_RUNPATH_SEARCH_PATHS = (
					"$(inherited)",
					"@executable_path/Frameworks",
				);
				PRODUCT_BUNDLE_IDENTIFIER = com.kerwin.intraIsil;
				PRODUCT_NAME = "$(TARGET_NAME)";
				SWIFT_VERSION = 5.0;
				TARGETED_DEVICE_FAMILY = "1,2";
			};
			name = Release;
		};
/* End XCBuildConfiguration section */

/* Begin XCConfigurationList section */
		08C6ADE225C3A89B00EDA9BC /* Build configuration list for PBXProject "intraIsil" */ = {
			isa = XCConfigurationList;
			buildConfigurations = (
				08C6ADF925C3A89E00EDA9BC /* Debug */,
				08C6ADFA25C3A89E00EDA9BC /* Release */,
			);
			defaultConfigurationIsVisible = 0;
			defaultConfigurationName = Release;
		};
		08C6ADFB25C3A89E00EDA9BC /* Build configuration list for PBXNativeTarget "intraIsil" */ = {
			isa = XCConfigurationList;
			buildConfigurations = (
				08C6ADFC25C3A89E00EDA9BC /* Debug */,
				08C6ADFD25C3A89E00EDA9BC /* Release */,
			);
			defaultConfigurationIsVisible = 0;
			defaultConfigurationName = Release;
		};
/* End XCConfigurationList section */
	};
	rootObject = 08C6ADDF25C3A89B00EDA9BC /* Project object */;
}
